
Microsoft Visual Studio Solution File, Format Version 12.00
# Visual Studio Version 16
VisualStudioVersion = 16.0.29102.190
MinimumVisualStudioVersion = 10.0.40219.1
Project("{FAE04EC0-301F-11D3-BF4B-00C04F79EFBC}") = "CinemaHallSimulation", "CinemaHallSimulation.csproj", "{803C7FE4-B468-429C-8E5D-5D9F736E464E}"
EndProject
Global
	GlobalSection(SolutionConfigurationPlatforms) = preSolution
		Debug|Any CPU = Debug|Any CPU
		Release|Any CPU = Release|Any CPU
	EndGlobalSection
	GlobalSection(ProjectConfigurationPlatforms) = postSolution
		{803C7FE4-B468-429C-8E5D-5D9F736E464E}.Debug|Any CPU.ActiveCfg = Debug|Any CPU
		{803C7FE4-B468-429C-8E5D-5D9F736E464E}.Debug|Any CPU.Build.0 = Debug|Any CPU
		{803C7FE4-B468-429C-8E5D-5D9F736E464E}.Release|Any CPU.ActiveCfg = Release|Any CPU
		{803C7FE4-B468-429C-8E5D-5D9F736E464E}.Release|Any CPU.Build.0 = Release|Any CPU
	EndGlobalSection
	GlobalSection(SolutionProperties) = preSolution
		HideSolutionNode = FALSE
	EndGlobalSection
	GlobalSection(ExtensibilityGlobals) = postSolution
		SolutionGuid = {08FF5913-55F0-45A1-B0DB-E494D3FDE54B}
	EndGlobalSection
	GlobalSection(TeamFoundationVersionControl) = preSolution
		SccNumberOfProjects = 2
		SccEnterpriseProvider = {4CA58AB2-18FA-4F8D-95D4-32DDF27D184C}
		SccTeamFoundationServer = https://dev.azure.com/150403007
		SccLocalPath0 = .
		SccProjectUniqueName1 = CinemaHallSimulation.csproj
		SccLocalPath1 = .
	EndGlobalSection
EndGlobal
